
Microsoft Visual Studio Solution File, Format Version 12.00
# Visual Studio Version 17
VisualStudioVersion = 17.6.33829.357
MinimumVisualStudioVersion = 10.0.40219.1
Project("{FAE04EC0-301F-11D3-BF4B-00C04F79EFBC}") = "DPProject", "DPProject\DPProject.csproj", "{8254CDFA-0BBA-4A2A-9461-F1E67F13C086}"
EndProject
Global
	GlobalSection(SolutionConfigurationPlatforms) = preSolution
		Debug|Any CPU = Debug|Any CPU
		Release|Any CPU = Release|Any CPU
	EndGlobalSection
	GlobalSection(ProjectConfigurationPlatforms) = postSolution
		{8254CDFA-0BBA-4A2A-9461-F1E67F13C086}.Debug|Any CPU.ActiveCfg = Debug|Any CPU
		{8254CDFA-0BBA-4A2A-9461-F1E67F13C086}.Debug|Any CPU.Build.0 = Debug|Any CPU
		{8254CDFA-0BBA-4A2A-9461-F1E67F13C086}.Release|Any CPU.ActiveCfg = Release|Any CPU
		{8254CDFA-0BBA-4A2A-9461-F1E67F13C086}.Release|Any CPU.Build.0 = Release|Any CPU
	EndGlobalSection
	GlobalSection(SolutionProperties) = preSolution
		HideSolutionNode = FALSE
	EndGlobalSection
	GlobalSection(ExtensibilityGlobals) = postSolution
		SolutionGuid = {0A5EA629-A084-4D93-8F98-B1295387B00C}
	EndGlobalSection
EndGlobal
